// !$*UTF8*$!
{
	archiveVersion = 1;
	classes = {
	};
	objectVersion = 50;
	objects = {

/* Begin PBXBuildFile section */
		4B2F291023151CF90077EB9F /* Codable+CXG.swift in Sources */ = {isa = PBXBuildFile; fileRef = 4B2F290F23151CF90077EB9F /* Codable+CXG.swift */; };
		4B2F291223151D1B0077EB9F /* Date+CXG.swift in Sources */ = {isa = PBXBuildFile; fileRef = 4B2F291123151D1B0077EB9F /* Date+CXG.swift */; };
		4B552A0A23A7812800BD9F91 /* iOSToolsTests.swift in Sources */ = {isa = PBXBuildFile; fileRef = 4B552A0923A7812800BD9F91 /* iOSToolsTests.swift */; };
		4B552A1123A7814800BD9F91 /* String+CXG.swift in Sources */ = {isa = PBXBuildFile; fileRef = 7081B0FF2091753F001AA2CF /* String+CXG.swift */; };
		4BCD8BA8233D8BC700337368 /* UIImageView+CXG.swift in Sources */ = {isa = PBXBuildFile; fileRef = 4BCD8BA7233D8BC700337368 /* UIImageView+CXG.swift */; };
		4BCD8BAA233D949000337368 /* video_loading.gif in Resources */ = {isa = PBXBuildFile; fileRef = 4BCD8BA9233D949000337368 /* video_loading.gif */; };
		70204D9120BCE857003F3831 /* YTTPayTools.swift in Sources */ = {isa = PBXBuildFile; fileRef = 70204D9020BCE857003F3831 /* YTTPayTools.swift */; };
		70204D9420BD39AF003F3831 /* AlipaySDK.framework in Frameworks */ = {isa = PBXBuildFile; fileRef = 70204D9220BD39AE003F3831 /* AlipaySDK.framework */; };
		70204D9520BD39AF003F3831 /* AlipaySDK.bundle in Resources */ = {isa = PBXBuildFile; fileRef = 70204D9320BD39AF003F3831 /* AlipaySDK.bundle */; };
		70204D9720BD39DF003F3831 /* QuartzCore.framework in Frameworks */ = {isa = PBXBuildFile; fileRef = 70204D9620BD39DE003F3831 /* QuartzCore.framework */; };
		70204D9920BD39EC003F3831 /* CoreText.framework in Frameworks */ = {isa = PBXBuildFile; fileRef = 70204D9820BD39EC003F3831 /* CoreText.framework */; };
		70204D9B20BD39F6003F3831 /* CoreGraphics.framework in Frameworks */ = {isa = PBXBuildFile; fileRef = 70204D9A20BD39F5003F3831 /* CoreGraphics.framework */; };
		70204D9D20BD3A00003F3831 /* UIKit.framework in Frameworks */ = {isa = PBXBuildFile; fileRef = 70204D9C20BD39FF003F3831 /* UIKit.framework */; };
		70204D9F20BD3A0A003F3831 /* Foundation.framework in Frameworks */ = {isa = PBXBuildFile; fileRef = 70204D9E20BD3A0A003F3831 /* Foundation.framework */; };
		70204DA120BD3A1F003F3831 /* CoreMotion.framework in Frameworks */ = {isa = PBXBuildFile; fileRef = 70204DA020BD3A1F003F3831 /* CoreMotion.framework */; };
		70758EAB20C4C7AB00751001 /* UIColor+CXG.swift in Sources */ = {isa = PBXBuildFile; fileRef = 70758EAA20C4C7AB00751001 /* UIColor+CXG.swift */; };
		707A0F0E20C65C69009FB6EF /* LocationTools.swift in Sources */ = {isa = PBXBuildFile; fileRef = 707A0F0D20C65C69009FB6EF /* LocationTools.swift */; };
		707A0F1020C65C8E009FB6EF /* CoreLocation.framework in Frameworks */ = {isa = PBXBuildFile; fileRef = 707A0F0F20C65C8D009FB6EF /* CoreLocation.framework */; };
		7081B0EB20915BDF001AA2CF /* AppDelegate.swift in Sources */ = {isa = PBXBuildFile; fileRef = 7081B0EA20915BDF001AA2CF /* AppDelegate.swift */; };
		7081B0ED20915BDF001AA2CF /* ViewController.swift in Sources */ = {isa = PBXBuildFile; fileRef = 7081B0EC20915BDF001AA2CF /* ViewController.swift */; };
		7081B0F020915BDF001AA2CF /* Main.storyboard in Resources */ = {isa = PBXBuildFile; fileRef = 7081B0EE20915BDF001AA2CF /* Main.storyboard */; };
		7081B0F220915BE0001AA2CF /* Assets.xcassets in Resources */ = {isa = PBXBuildFile; fileRef = 7081B0F120915BE0001AA2CF /* Assets.xcassets */; };
		7081B0F520915BE0001AA2CF /* LaunchScreen.storyboard in Resources */ = {isa = PBXBuildFile; fileRef = 7081B0F320915BE0001AA2CF /* LaunchScreen.storyboard */; };
		7081B0FE20915C48001AA2CF /* UImage+CXG.swift in Sources */ = {isa = PBXBuildFile; fileRef = 7081B0FD20915C48001AA2CF /* UImage+CXG.swift */; };
		7081B1002091753F001AA2CF /* String+CXG.swift in Sources */ = {isa = PBXBuildFile; fileRef = 7081B0FF2091753F001AA2CF /* String+CXG.swift */; };
		7081B102209178B2001AA2CF /* YTTShareTools.swift in Sources */ = {isa = PBXBuildFile; fileRef = 7081B101209178B2001AA2CF /* YTTShareTools.swift */; };
		7081B10E209179E1001AA2CF /* CoreTelephony.framework in Frameworks */ = {isa = PBXBuildFile; fileRef = 7081B10D209179E1001AA2CF /* CoreTelephony.framework */; };
		7081B11420919E00001AA2CF /* SystemConfiguration.framework in Frameworks */ = {isa = PBXBuildFile; fileRef = 7081B11320919E00001AA2CF /* SystemConfiguration.framework */; };
		7081B11620919E0D001AA2CF /* libz.1.1.3.tbd in Frameworks */ = {isa = PBXBuildFile; fileRef = 7081B11520919E0D001AA2CF /* libz.1.1.3.tbd */; };
		7081B11820919E1C001AA2CF /* libsqlite3.0.tbd in Frameworks */ = {isa = PBXBuildFile; fileRef = 7081B11720919E1C001AA2CF /* libsqlite3.0.tbd */; };
		7081B11A20919E25001AA2CF /* libc++.tbd in Frameworks */ = {isa = PBXBuildFile; fileRef = 7081B11920919E25001AA2CF /* libc++.tbd */; };
		7081B11C20919E30001AA2CF /* Security.framework in Frameworks */ = {isa = PBXBuildFile; fileRef = 7081B11B20919E30001AA2CF /* Security.framework */; };
		7081B11E20919E3B001AA2CF /* CFNetwork.framework in Frameworks */ = {isa = PBXBuildFile; fileRef = 7081B11D20919E3B001AA2CF /* CFNetwork.framework */; };
		7085A17520C90C4E0099C1ED /* TableViewTools.swift in Sources */ = {isa = PBXBuildFile; fileRef = 7085A17420C90C4E0099C1ED /* TableViewTools.swift */; };
		708A66412099489E00C952F4 /* 1.jpeg in Resources */ = {isa = PBXBuildFile; fileRef = 708A66402099489E00C952F4 /* 1.jpeg */; };
		708B3F3E20F755B700B1157A /* YTTCustomButton.swift in Sources */ = {isa = PBXBuildFile; fileRef = 708B3F3D20F755B700B1157A /* YTTCustomButton.swift */; };
		70A7578C20BB892200835D60 /* ThirdPlatformTools.swift in Sources */ = {isa = PBXBuildFile; fileRef = 70A7578B20BB892200835D60 /* ThirdPlatformTools.swift */; };
		70A7578F20BB8A8600835D60 /* YTTLoginTools.swift in Sources */ = {isa = PBXBuildFile; fileRef = 70A7578E20BB8A8600835D60 /* YTTLoginTools.swift */; };
		70A7579B20BB8C4400835D60 /* TencentOpenAPI.framework in Frameworks */ = {isa = PBXBuildFile; fileRef = 70A7579A20BB8C4400835D60 /* TencentOpenAPI.framework */; };
		70A757A220BB8CC200835D60 /* README.txt in Resources */ = {isa = PBXBuildFile; fileRef = 70A7579F20BB8CC200835D60 /* README.txt */; };
		70A757A320BB8CC200835D60 /* libWeChatSDK.a in Frameworks */ = {isa = PBXBuildFile; fileRef = 70A757A120BB8CC200835D60 /* libWeChatSDK.a */; };
		70A757A520BB931000835D60 /* ThirdPlatformToolsResp.swift in Sources */ = {isa = PBXBuildFile; fileRef = 70A757A420BB931000835D60 /* ThirdPlatformToolsResp.swift */; };
/* End PBXBuildFile section */

/* Begin PBXContainerItemProxy section */
		4B552A0C23A7812800BD9F91 /* PBXContainerItemProxy */ = {
			isa = PBXContainerItemProxy;
			containerPortal = 7081B0DF20915BDF001AA2CF /* Project object */;
			proxyType = 1;
			remoteGlobalIDString = 7081B0E620915BDF001AA2CF;
			remoteInfo = iOSTools;
		};
/* End PBXContainerItemProxy section */

/* Begin PBXFileReference section */
		4B2F290F23151CF90077EB9F /* Codable+CXG.swift */ = {isa = PBXFileReference; fileEncoding = 4; lastKnownFileType = sourcecode.swift; path = "Codable+CXG.swift"; sourceTree = "<group>"; };
		4B2F291123151D1B0077EB9F /* Date+CXG.swift */ = {isa = PBXFileReference; fileEncoding = 4; lastKnownFileType = sourcecode.swift; path = "Date+CXG.swift"; sourceTree = "<group>"; };
		4B552A0723A7812800BD9F91 /* iOSToolsTests.xctest */ = {isa = PBXFileReference; explicitFileType = wrapper.cfbundle; includeInIndex = 0; path = iOSToolsTests.xctest; sourceTree = BUILT_PRODUCTS_DIR; };
		4B552A0923A7812800BD9F91 /* iOSToolsTests.swift */ = {isa = PBXFileReference; lastKnownFileType = sourcecode.swift; path = iOSToolsTests.swift; sourceTree = "<group>"; };
		4B552A0B23A7812800BD9F91 /* Info.plist */ = {isa = PBXFileReference; lastKnownFileType = text.plist.xml; path = Info.plist; sourceTree = "<group>"; };
		4BCD8BA7233D8BC700337368 /* UIImageView+CXG.swift */ = {isa = PBXFileReference; lastKnownFileType = sourcecode.swift; path = "UIImageView+CXG.swift"; sourceTree = "<group>"; };
		4BCD8BA9233D949000337368 /* video_loading.gif */ = {isa = PBXFileReference; lastKnownFileType = image.gif; path = video_loading.gif; sourceTree = "<group>"; };
		70204D9020BCE857003F3831 /* YTTPayTools.swift */ = {isa = PBXFileReference; lastKnownFileType = sourcecode.swift; path = YTTPayTools.swift; sourceTree = "<group>"; };
		70204D9220BD39AE003F3831 /* AlipaySDK.framework */ = {isa = PBXFileReference; lastKnownFileType = wrapper.framework; path = AlipaySDK.framework; sourceTree = "<group>"; };
		70204D9320BD39AF003F3831 /* AlipaySDK.bundle */ = {isa = PBXFileReference; lastKnownFileType = "wrapper.plug-in"; path = AlipaySDK.bundle; sourceTree = "<group>"; };
		70204D9620BD39DE003F3831 /* QuartzCore.framework */ = {isa = PBXFileReference; lastKnownFileType = wrapper.framework; name = QuartzCore.framework; path = System/Library/Frameworks/QuartzCore.framework; sourceTree = SDKROOT; };
		70204D9820BD39EC003F3831 /* CoreText.framework */ = {isa = PBXFileReference; lastKnownFileType = wrapper.framework; name = CoreText.framework; path = System/Library/Frameworks/CoreText.framework; sourceTree = SDKROOT; };
		70204D9A20BD39F5003F3831 /* CoreGraphics.framework */ = {isa = PBXFileReference; lastKnownFileType = wrapper.framework; name = CoreGraphics.framework; path = System/Library/Frameworks/CoreGraphics.framework; sourceTree = SDKROOT; };
		70204D9C20BD39FF003F3831 /* UIKit.framework */ = {isa = PBXFileReference; lastKnownFileType = wrapper.framework; name = UIKit.framework; path = System/Library/Frameworks/UIKit.framework; sourceTree = SDKROOT; };
		70204D9E20BD3A0A003F3831 /* Foundation.framework */ = {isa = PBXFileReference; lastKnownFileType = wrapper.framework; name = Foundation.framework; path = System/Library/Frameworks/Foundation.framework; sourceTree = SDKROOT; };
		70204DA020BD3A1F003F3831 /* CoreMotion.framework */ = {isa = PBXFileReference; lastKnownFileType = wrapper.framework; name = CoreMotion.framework; path = System/Library/Frameworks/CoreMotion.framework; sourceTree = SDKROOT; };
		70758EAA20C4C7AB00751001 /* UIColor+CXG.swift */ = {isa = PBXFileReference; lastKnownFileType = sourcecode.swift; path = "UIColor+CXG.swift"; sourceTree = "<group>"; };
		707A0F0D20C65C69009FB6EF /* LocationTools.swift */ = {isa = PBXFileReference; lastKnownFileType = sourcecode.swift; path = LocationTools.swift; sourceTree = "<group>"; };
		707A0F0F20C65C8D009FB6EF /* CoreLocation.framework */ = {isa = PBXFileReference; lastKnownFileType = wrapper.framework; name = CoreLocation.framework; path = System/Library/Frameworks/CoreLocation.framework; sourceTree = SDKROOT; };
		7081B0E720915BDF001AA2CF /* iOSTools.app */ = {isa = PBXFileReference; explicitFileType = wrapper.application; includeInIndex = 0; path = iOSTools.app; sourceTree = BUILT_PRODUCTS_DIR; };
		7081B0EA20915BDF001AA2CF /* AppDelegate.swift */ = {isa = PBXFileReference; lastKnownFileType = sourcecode.swift; path = AppDelegate.swift; sourceTree = "<group>"; };
		7081B0EC20915BDF001AA2CF /* ViewController.swift */ = {isa = PBXFileReference; lastKnownFileType = sourcecode.swift; path = ViewController.swift; sourceTree = "<group>"; };
		7081B0EF20915BDF001AA2CF /* Base */ = {isa = PBXFileReference; lastKnownFileType = file.storyboard; name = Base; path = Base.lproj/Main.storyboard; sourceTree = "<group>"; };
		7081B0F120915BE0001AA2CF /* Assets.xcassets */ = {isa = PBXFileReference; lastKnownFileType = folder.assetcatalog; path = Assets.xcassets; sourceTree = "<group>"; };
		7081B0F420915BE0001AA2CF /* Base */ = {isa = PBXFileReference; lastKnownFileType = file.storyboard; name = Base; path = Base.lproj/LaunchScreen.storyboard; sourceTree = "<group>"; };
		7081B0F620915BE0001AA2CF /* Info.plist */ = {isa = PBXFileReference; lastKnownFileType = text.plist.xml; path = Info.plist; sourceTree = "<group>"; };
		7081B0FD20915C48001AA2CF /* UImage+CXG.swift */ = {isa = PBXFileReference; fileEncoding = 4; lastKnownFileType = sourcecode.swift; path = "UImage+CXG.swift"; sourceTree = "<group>"; };
		7081B0FF2091753F001AA2CF /* String+CXG.swift */ = {isa = PBXFileReference; lastKnownFileType = sourcecode.swift; path = "String+CXG.swift"; sourceTree = "<group>"; };
		7081B101209178B2001AA2CF /* YTTShareTools.swift */ = {isa = PBXFileReference; lastKnownFileType = sourcecode.swift; path = YTTShareTools.swift; sourceTree = "<group>"; };
		7081B10D209179E1001AA2CF /* CoreTelephony.framework */ = {isa = PBXFileReference; lastKnownFileType = wrapper.framework; name = CoreTelephony.framework; path = System/Library/Frameworks/CoreTelephony.framework; sourceTree = SDKROOT; };
		7081B10F20917AA7001AA2CF /* iOSTools-Bridging-Header.h */ = {isa = PBXFileReference; lastKnownFileType = sourcecode.c.h; path = "iOSTools-Bridging-Header.h"; sourceTree = "<group>"; };
		7081B11320919E00001AA2CF /* SystemConfiguration.framework */ = {isa = PBXFileReference; lastKnownFileType = wrapper.framework; name = SystemConfiguration.framework; path = System/Library/Frameworks/SystemConfiguration.framework; sourceTree = SDKROOT; };
		7081B11520919E0D001AA2CF /* libz.1.1.3.tbd */ = {isa = PBXFileReference; lastKnownFileType = "sourcecode.text-based-dylib-definition"; name = libz.1.1.3.tbd; path = usr/lib/libz.1.1.3.tbd; sourceTree = SDKROOT; };
		7081B11720919E1C001AA2CF /* libsqlite3.0.tbd */ = {isa = PBXFileReference; lastKnownFileType = "sourcecode.text-based-dylib-definition"; name = libsqlite3.0.tbd; path = usr/lib/libsqlite3.0.tbd; sourceTree = SDKROOT; };
		7081B11920919E25001AA2CF /* libc++.tbd */ = {isa = PBXFileReference; lastKnownFileType = "sourcecode.text-based-dylib-definition"; name = "libc++.tbd"; path = "usr/lib/libc++.tbd"; sourceTree = SDKROOT; };
		7081B11B20919E30001AA2CF /* Security.framework */ = {isa = PBXFileReference; lastKnownFileType = wrapper.framework; name = Security.framework; path = System/Library/Frameworks/Security.framework; sourceTree = SDKROOT; };
		7081B11D20919E3B001AA2CF /* CFNetwork.framework */ = {isa = PBXFileReference; lastKnownFileType = wrapper.framework; name = CFNetwork.framework; path = System/Library/Frameworks/CFNetwork.framework; sourceTree = SDKROOT; };
		7085A17420C90C4E0099C1ED /* TableViewTools.swift */ = {isa = PBXFileReference; lastKnownFileType = sourcecode.swift; path = TableViewTools.swift; sourceTree = "<group>"; };
		708A66402099489E00C952F4 /* 1.jpeg */ = {isa = PBXFileReference; lastKnownFileType = image.jpeg; path = 1.jpeg; sourceTree = "<group>"; };
		708B3F3D20F755B700B1157A /* YTTCustomButton.swift */ = {isa = PBXFileReference; fileEncoding = 4; lastKnownFileType = sourcecode.swift; path = YTTCustomButton.swift; sourceTree = "<group>"; };
		70A7578B20BB892200835D60 /* ThirdPlatformTools.swift */ = {isa = PBXFileReference; lastKnownFileType = sourcecode.swift; path = ThirdPlatformTools.swift; sourceTree = "<group>"; };
		70A7578E20BB8A8600835D60 /* YTTLoginTools.swift */ = {isa = PBXFileReference; lastKnownFileType = sourcecode.swift; path = YTTLoginTools.swift; sourceTree = "<group>"; };
		70A7579A20BB8C4400835D60 /* TencentOpenAPI.framework */ = {isa = PBXFileReference; lastKnownFileType = wrapper.framework; path = TencentOpenAPI.framework; sourceTree = "<group>"; };
		70A7579D20BB8CC100835D60 /* WXApi.h */ = {isa = PBXFileReference; fileEncoding = 4; lastKnownFileType = sourcecode.c.h; path = WXApi.h; sourceTree = "<group>"; };
		70A7579E20BB8CC200835D60 /* WXApiObject.h */ = {isa = PBXFileReference; fileEncoding = 4; lastKnownFileType = sourcecode.c.h; path = WXApiObject.h; sourceTree = "<group>"; };
		70A7579F20BB8CC200835D60 /* README.txt */ = {isa = PBXFileReference; fileEncoding = 4; lastKnownFileType = text; path = README.txt; sourceTree = "<group>"; };
		70A757A020BB8CC200835D60 /* WechatAuthSDK.h */ = {isa = PBXFileReference; fileEncoding = 4; lastKnownFileType = sourcecode.c.h; path = WechatAuthSDK.h; sourceTree = "<group>"; };
		70A757A120BB8CC200835D60 /* libWeChatSDK.a */ = {isa = PBXFileReference; lastKnownFileType = archive.ar; path = libWeChatSDK.a; sourceTree = "<group>"; };
		70A757A420BB931000835D60 /* ThirdPlatformToolsResp.swift */ = {isa = PBXFileReference; lastKnownFileType = sourcecode.swift; path = ThirdPlatformToolsResp.swift; sourceTree = "<group>"; };
/* End PBXFileReference section */

/* Begin PBXFrameworksBuildPhase section */
		4B552A0423A7812800BD9F91 /* Frameworks */ = {
			isa = PBXFrameworksBuildPhase;
			buildActionMask = 2147483647;
			files = (
			);
			runOnlyForDeploymentPostprocessing = 0;
		};
		7081B0E420915BDF001AA2CF /* Frameworks */ = {
			isa = PBXFrameworksBuildPhase;
			buildActionMask = 2147483647;
			files = (
				707A0F1020C65C8E009FB6EF /* CoreLocation.framework in Frameworks */,
				70204DA120BD3A1F003F3831 /* CoreMotion.framework in Frameworks */,
				7081B11E20919E3B001AA2CF /* CFNetwork.framework in Frameworks */,
				70204D9F20BD3A0A003F3831 /* Foundation.framework in Frameworks */,
				70204D9D20BD3A00003F3831 /* UIKit.framework in Frameworks */,
				70204D9B20BD39F6003F3831 /* CoreGraphics.framework in Frameworks */,
				70204D9920BD39EC003F3831 /* CoreText.framework in Frameworks */,
				70204D9720BD39DF003F3831 /* QuartzCore.framework in Frameworks */,
				70204D9420BD39AF003F3831 /* AlipaySDK.framework in Frameworks */,
				70A7579B20BB8C4400835D60 /* TencentOpenAPI.framework in Frameworks */,
				70A757A320BB8CC200835D60 /* libWeChatSDK.a in Frameworks */,
				7081B11C20919E30001AA2CF /* Security.framework in Frameworks */,
				7081B11A20919E25001AA2CF /* libc++.tbd in Frameworks */,
				7081B11820919E1C001AA2CF /* libsqlite3.0.tbd in Frameworks */,
				7081B11620919E0D001AA2CF /* libz.1.1.3.tbd in Frameworks */,
				7081B11420919E00001AA2CF /* SystemConfiguration.framework in Frameworks */,
				7081B10E209179E1001AA2CF /* CoreTelephony.framework in Frameworks */,
			);
			runOnlyForDeploymentPostprocessing = 0;
		};
/* End PBXFrameworksBuildPhase section */

/* Begin PBXGroup section */
		4B552A0823A7812800BD9F91 /* iOSToolsTests */ = {
			isa = PBXGroup;
			children = (
				4B552A0923A7812800BD9F91 /* iOSToolsTests.swift */,
				4B552A0B23A7812800BD9F91 /* Info.plist */,
			);
			path = iOSToolsTests;
			sourceTree = "<group>";
		};
		7081B0DE20915BDF001AA2CF = {
			isa = PBXGroup;
			children = (
				4BCD8BA9233D949000337368 /* video_loading.gif */,
				7081B0FC20915C09001AA2CF /* Example */,
				7081B0E920915BDF001AA2CF /* iOSTools */,
				4B552A0823A7812800BD9F91 /* iOSToolsTests */,
				7081B0E820915BDF001AA2CF /* Products */,
				7081B10C209179E1001AA2CF /* Frameworks */,
			);
			sourceTree = "<group>";
		};
		7081B0E820915BDF001AA2CF /* Products */ = {
			isa = PBXGroup;
			children = (
				7081B0E720915BDF001AA2CF /* iOSTools.app */,
				4B552A0723A7812800BD9F91 /* iOSToolsTests.xctest */,
			);
			name = Products;
			sourceTree = "<group>";
		};
		7081B0E920915BDF001AA2CF /* iOSTools */ = {
			isa = PBXGroup;
			children = (
				4B2F291123151D1B0077EB9F /* Date+CXG.swift */,
				4B2F290F23151CF90077EB9F /* Codable+CXG.swift */,
				708B3F3C20F7558C00B1157A /* CustomView */,
				70A7578D20BB8A2100835D60 /* ThirdPlatformTools */,
				7081B0FD20915C48001AA2CF /* UImage+CXG.swift */,
				7081B0FF2091753F001AA2CF /* String+CXG.swift */,
				7081B10F20917AA7001AA2CF /* iOSTools-Bridging-Header.h */,
				70758EAA20C4C7AB00751001 /* UIColor+CXG.swift */,
				707A0F0D20C65C69009FB6EF /* LocationTools.swift */,
				7085A17420C90C4E0099C1ED /* TableViewTools.swift */,
				4BCD8BA7233D8BC700337368 /* UIImageView+CXG.swift */,
			);
			path = iOSTools;
			sourceTree = "<group>";
		};
		7081B0FC20915C09001AA2CF /* Example */ = {
			isa = PBXGroup;
			children = (
				708A66402099489E00C952F4 /* 1.jpeg */,
				7081B0EA20915BDF001AA2CF /* AppDelegate.swift */,
				7081B0EC20915BDF001AA2CF /* ViewController.swift */,
				7081B0EE20915BDF001AA2CF /* Main.storyboard */,
				7081B0F120915BE0001AA2CF /* Assets.xcassets */,
				7081B0F320915BE0001AA2CF /* LaunchScreen.storyboard */,
				7081B0F620915BE0001AA2CF /* Info.plist */,
			);
			path = Example;
			sourceTree = "<group>";
		};
		7081B103209178E6001AA2CF /* library */ = {
			isa = PBXGroup;
			children = (
				70204D9320BD39AF003F3831 /* AlipaySDK.bundle */,
				70204D9220BD39AE003F3831 /* AlipaySDK.framework */,
				70A7579C20BB8CC100835D60 /* WechatSDK1.8.2 */,
				70A7579A20BB8C4400835D60 /* TencentOpenAPI.framework */,
			);
			path = library;
			sourceTree = "<group>";
		};
		7081B10C209179E1001AA2CF /* Frameworks */ = {
			isa = PBXGroup;
			children = (
				707A0F0F20C65C8D009FB6EF /* CoreLocation.framework */,
				70204DA020BD3A1F003F3831 /* CoreMotion.framework */,
				70204D9E20BD3A0A003F3831 /* Foundation.framework */,
				70204D9C20BD39FF003F3831 /* UIKit.framework */,
				70204D9A20BD39F5003F3831 /* CoreGraphics.framework */,
				70204D9820BD39EC003F3831 /* CoreText.framework */,
				70204D9620BD39DE003F3831 /* QuartzCore.framework */,
				7081B11D20919E3B001AA2CF /* CFNetwork.framework */,
				7081B11B20919E30001AA2CF /* Security.framework */,
				7081B11920919E25001AA2CF /* libc++.tbd */,
				7081B11720919E1C001AA2CF /* libsqlite3.0.tbd */,
				7081B11520919E0D001AA2CF /* libz.1.1.3.tbd */,
				7081B11320919E00001AA2CF /* SystemConfiguration.framework */,
				7081B10D209179E1001AA2CF /* CoreTelephony.framework */,
			);
			name = Frameworks;
			sourceTree = "<group>";
		};
		708B3F3C20F7558C00B1157A /* CustomView */ = {
			isa = PBXGroup;
			children = (
				708B3F3D20F755B700B1157A /* YTTCustomButton.swift */,
			);
			path = CustomView;
			sourceTree = "<group>";
		};
		70A7578D20BB8A2100835D60 /* ThirdPlatformTools */ = {
			isa = PBXGroup;
			children = (
				7081B101209178B2001AA2CF /* YTTShareTools.swift */,
				70A7578B20BB892200835D60 /* ThirdPlatformTools.swift */,
				7081B103209178E6001AA2CF /* library */,
				70A7578E20BB8A8600835D60 /* YTTLoginTools.swift */,
				70A757A420BB931000835D60 /* ThirdPlatformToolsResp.swift */,
				70204D9020BCE857003F3831 /* YTTPayTools.swift */,
			);
			path = ThirdPlatformTools;
			sourceTree = "<group>";
		};
		70A7579C20BB8CC100835D60 /* WechatSDK1.8.2 */ = {
			isa = PBXGroup;
			children = (
				70A7579D20BB8CC100835D60 /* WXApi.h */,
				70A7579E20BB8CC200835D60 /* WXApiObject.h */,
				70A7579F20BB8CC200835D60 /* README.txt */,
				70A757A020BB8CC200835D60 /* WechatAuthSDK.h */,
				70A757A120BB8CC200835D60 /* libWeChatSDK.a */,
			);
			path = WechatSDK1.8.2;
			sourceTree = "<group>";
		};
/* End PBXGroup section */

/* Begin PBXNativeTarget section */
		4B552A0623A7812800BD9F91 /* iOSToolsTests */ = {
			isa = PBXNativeTarget;
			buildConfigurationList = 4B552A1023A7812800BD9F91 /* Build configuration list for PBXNativeTarget "iOSToolsTests" */;
			buildPhases = (
				4B552A0323A7812800BD9F91 /* Sources */,
				4B552A0423A7812800BD9F91 /* Frameworks */,
				4B552A0523A7812800BD9F91 /* Resources */,
			);
			buildRules = (
			);
			dependencies = (
				4B552A0D23A7812800BD9F91 /* PBXTargetDependency */,
			);
			name = iOSToolsTests;
			productName = iOSToolsTests;
			productReference = 4B552A0723A7812800BD9F91 /* iOSToolsTests.xctest */;
			productType = "com.apple.product-type.bundle.unit-test";
		};
		7081B0E620915BDF001AA2CF /* iOSTools */ = {
			isa = PBXNativeTarget;
			buildConfigurationList = 7081B0F920915BE0001AA2CF /* Build configuration list for PBXNativeTarget "iOSTools" */;
			buildPhases = (
				7081B0E320915BDF001AA2CF /* Sources */,
				7081B0E420915BDF001AA2CF /* Frameworks */,
				7081B0E520915BDF001AA2CF /* Resources */,
			);
			buildRules = (
			);
			dependencies = (
			);
			name = iOSTools;
			productName = iOSTools;
			productReference = 7081B0E720915BDF001AA2CF /* iOSTools.app */;
			productType = "com.apple.product-type.application";
		};
/* End PBXNativeTarget section */

/* Begin PBXProject section */
		7081B0DF20915BDF001AA2CF /* Project object */ = {
			isa = PBXProject;
			attributes = {
				LastSwiftUpdateCheck = 1130;
				LastUpgradeCheck = 0930;
				ORGANIZATIONNAME = AndyCuiYTT;
				TargetAttributes = {
					4B552A0623A7812800BD9F91 = {
						CreatedOnToolsVersion = 11.3;
						TestTargetID = 7081B0E620915BDF001AA2CF;
					};
					7081B0E620915BDF001AA2CF = {
						CreatedOnToolsVersion = 9.3;
						LastSwiftMigration = 0930;
					};
				};
			};
			buildConfigurationList = 7081B0E220915BDF001AA2CF /* Build configuration list for PBXProject "iOSTools" */;
			compatibilityVersion = "Xcode 9.3";
			developmentRegion = en;
			hasScannedForEncodings = 0;
			knownRegions = (
				en,
				Base,
			);
			mainGroup = 7081B0DE20915BDF001AA2CF;
			productRefGroup = 7081B0E820915BDF001AA2CF /* Products */;
			projectDirPath = "";
			projectRoot = "";
			targets = (
				7081B0E620915BDF001AA2CF /* iOSTools */,
				4B552A0623A7812800BD9F91 /* iOSToolsTests */,
			);
		};
/* End PBXProject section */

/* Begin PBXResourcesBuildPhase section */
		4B552A0523A7812800BD9F91 /* Resources */ = {
			isa = PBXResourcesBuildPhase;
			buildActionMask = 2147483647;
			files = (
			);
			runOnlyForDeploymentPostprocessing = 0;
		};
		7081B0E520915BDF001AA2CF /* Resources */ = {
			isa = PBXResourcesBuildPhase;
			buildActionMask = 2147483647;
			files = (
				70204D9520BD39AF003F3831 /* AlipaySDK.bundle in Resources */,
				4BCD8BAA233D949000337368 /* video_loading.gif in Resources */,
				708A66412099489E00C952F4 /* 1.jpeg in Resources */,
				7081B0F520915BE0001AA2CF /* LaunchScreen.storyboard in Resources */,
				7081B0F220915BE0001AA2CF /* Assets.xcassets in Resources */,
				7081B0F020915BDF001AA2CF /* Main.storyboard in Resources */,
				70A757A220BB8CC200835D60 /* README.txt in Resources */,
			);
			runOnlyForDeploymentPostprocessing = 0;
		};
/* End PBXResourcesBuildPhase section */

/* Begin PBXSourcesBuildPhase section */
		4B552A0323A7812800BD9F91 /* Sources */ = {
			isa = PBXSourcesBuildPhase;
			buildActionMask = 2147483647;
			files = (
				4B552A0A23A7812800BD9F91 /* iOSToolsTests.swift in Sources */,
				4B552A1123A7814800BD9F91 /* String+CXG.swift in Sources */,
			);
			runOnlyForDeploymentPostprocessing = 0;
		};
		7081B0E320915BDF001AA2CF /* Sources */ = {
			isa = PBXSourcesBuildPhase;
			buildActionMask = 2147483647;
			files = (
				708B3F3E20F755B700B1157A /* YTTCustomButton.swift in Sources */,
				707A0F0E20C65C69009FB6EF /* LocationTools.swift in Sources */,
				7081B1002091753F001AA2CF /* String+CXG.swift in Sources */,
				4B2F291223151D1B0077EB9F /* Date+CXG.swift in Sources */,
				4B2F291023151CF90077EB9F /* Codable+CXG.swift in Sources */,
				70A7578F20BB8A8600835D60 /* YTTLoginTools.swift in Sources */,
				70A757A520BB931000835D60 /* ThirdPlatformToolsResp.swift in Sources */,
				7081B0ED20915BDF001AA2CF /* ViewController.swift in Sources */,
				70204D9120BCE857003F3831 /* YTTPayTools.swift in Sources */,
				4BCD8BA8233D8BC700337368 /* UIImageView+CXG.swift in Sources */,
				7085A17520C90C4E0099C1ED /* TableViewTools.swift in Sources */,
				7081B0FE20915C48001AA2CF /* UImage+CXG.swift in Sources */,
				7081B102209178B2001AA2CF /* YTTShareTools.swift in Sources */,
				70A7578C20BB892200835D60 /* ThirdPlatformTools.swift in Sources */,
				7081B0EB20915BDF001AA2CF /* AppDelegate.swift in Sources */,
				70758EAB20C4C7AB00751001 /* UIColor+CXG.swift in Sources */,
			);
			runOnlyForDeploymentPostprocessing = 0;
		};
/* End PBXSourcesBuildPhase section */

/* Begin PBXTargetDependency section */
		4B552A0D23A7812800BD9F91 /* PBXTargetDependency */ = {
			isa = PBXTargetDependency;
			target = 7081B0E620915BDF001AA2CF /* iOSTools */;
			targetProxy = 4B552A0C23A7812800BD9F91 /* PBXContainerItemProxy */;
		};
/* End PBXTargetDependency section */

/* Begin PBXVariantGroup section */
		7081B0EE20915BDF001AA2CF /* Main.storyboard */ = {
			isa = PBXVariantGroup;
			children = (
				7081B0EF20915BDF001AA2CF /* Base */,
			);
			name = Main.storyboard;
			sourceTree = "<group>";
		};
		7081B0F320915BE0001AA2CF /* LaunchScreen.storyboard */ = {
			isa = PBXVariantGroup;
			children = (
				7081B0F420915BE0001AA2CF /* Base */,
			);
			name = LaunchScreen.storyboard;
			sourceTree = "<group>";
		};
/* End PBXVariantGroup section */

/* Begin XCBuildConfiguration section */
		4B552A0E23A7812800BD9F91 /* Debug */ = {
			isa = XCBuildConfiguration;
			buildSettings = {
				BUNDLE_LOADER = "$(TEST_HOST)";
				CODE_SIGN_STYLE = Automatic;
				INFOPLIST_FILE = iOSToolsTests/Info.plist;
				IPHONEOS_DEPLOYMENT_TARGET = 13.2;
				LD_RUNPATH_SEARCH_PATHS = (
					"$(inherited)",
					"@executable_path/Frameworks",
					"@loader_path/Frameworks",
				);
				MTL_ENABLE_DEBUG_INFO = INCLUDE_SOURCE;
				MTL_FAST_MATH = YES;
				PRODUCT_BUNDLE_IDENTIFIER = AndyCuiYTT.iOSToolsTests;
				PRODUCT_NAME = "$(TARGET_NAME)";
				SWIFT_VERSION = 5.0;
				TARGETED_DEVICE_FAMILY = "1,2";
				TEST_HOST = "$(BUILT_PRODUCTS_DIR)/iOSTools.app/iOSTools";
			};
			name = Debug;
		};
		4B552A0F23A7812800BD9F91 /* Release */ = {
			isa = XCBuildConfiguration;
			buildSettings = {
				BUNDLE_LOADER = "$(TEST_HOST)";
				CODE_SIGN_STYLE = Automatic;
				INFOPLIST_FILE = iOSToolsTests/Info.plist;
				IPHONEOS_DEPLOYMENT_TARGET = 13.2;
				LD_RUNPATH_SEARCH_PATHS = (
					"$(inherited)",
					"@executable_path/Frameworks",
					"@loader_path/Frameworks",
				);
				MTL_FAST_MATH = YES;
				PRODUCT_BUNDLE_IDENTIFIER = AndyCuiYTT.iOSToolsTests;
				PRODUCT_NAME = "$(TARGET_NAME)";
				SWIFT_VERSION = 5.0;
				TARGETED_DEVICE_FAMILY = "1,2";
				TEST_HOST = "$(BUILT_PRODUCTS_DIR)/iOSTools.app/iOSTools";
			};
			name = Release;
		};
		7081B0F720915BE0001AA2CF /* Debug */ = {
			isa = XCBuildConfiguration;
			buildSettings = {
				ALWAYS_SEARCH_USER_PATHS = NO;
				CLANG_ANALYZER_NONNULL = YES;
				CLANG_ANALYZER_NUMBER_OBJECT_CONVERSION = YES_AGGRESSIVE;
				CLANG_CXX_LANGUAGE_STANDARD = "gnu++14";
				CLANG_CXX_LIBRARY = "libc++";
				CLANG_ENABLE_MODULES = YES;
				CLANG_ENABLE_OBJC_ARC = YES;
				CLANG_ENABLE_OBJC_WEAK = YES;
				CLANG_WARN_BLOCK_CAPTURE_AUTORELEASING = YES;
				CLANG_WARN_BOOL_CONVERSION = YES;
				CLANG_WARN_COMMA = YES;
				CLANG_WARN_CONSTANT_CONVERSION = YES;
				CLANG_WARN_DEPRECATED_OBJC_IMPLEMENTATIONS = YES;
				CLANG_WARN_DIRECT_OBJC_ISA_USAGE = YES_ERROR;
				CLANG_WARN_DOCUMENTATION_COMMENTS = YES;
				CLANG_WARN_EMPTY_BODY = YES;
				CLANG_WARN_ENUM_CONVERSION = YES;
				CLANG_WARN_INFINITE_RECURSION = YES;
				CLANG_WARN_INT_CONVERSION = YES;
				CLANG_WARN_NON_LITERAL_NULL_CONVERSION = YES;
				CLANG_WARN_OBJC_IMPLICIT_RETAIN_SELF = YES;
				CLANG_WARN_OBJC_LITERAL_CONVERSION = YES;
				CLANG_WARN_OBJC_ROOT_CLASS = YES_ERROR;
				CLANG_WARN_RANGE_LOOP_ANALYSIS = YES;
				CLANG_WARN_STRICT_PROTOTYPES = YES;
				CLANG_WARN_SUSPICIOUS_MOVE = YES;
				CLANG_WARN_UNGUARDED_AVAILABILITY = YES_AGGRESSIVE;
				CLANG_WARN_UNREACHABLE_CODE = YES;
				CLANG_WARN__DUPLICATE_METHOD_MATCH = YES;
				CODE_SIGN_IDENTITY = "iPhone Developer";
				COPY_PHASE_STRIP = NO;
				DEBUG_INFORMATION_FORMAT = dwarf;
				ENABLE_STRICT_OBJC_MSGSEND = YES;
				ENABLE_TESTABILITY = YES;
				GCC_C_LANGUAGE_STANDARD = gnu11;
				GCC_DYNAMIC_NO_PIC = NO;
				GCC_NO_COMMON_BLOCKS = YES;
				GCC_OPTIMIZATION_LEVEL = 0;
				GCC_PREPROCESSOR_DEFINITIONS = (
					"DEBUG=1",
					"$(inherited)",
				);
				GCC_WARN_64_TO_32_BIT_CONVERSION = YES;
				GCC_WARN_ABOUT_RETURN_TYPE = YES_ERROR;
				GCC_WARN_UNDECLARED_SELECTOR = YES;
				GCC_WARN_UNINITIALIZED_AUTOS = YES_AGGRESSIVE;
				GCC_WARN_UNUSED_FUNCTION = YES;
				GCC_WARN_UNUSED_VARIABLE = YES;
				IPHONEOS_DEPLOYMENT_TARGET = 11.3;
				MTL_ENABLE_DEBUG_INFO = YES;
				ONLY_ACTIVE_ARCH = YES;
				SDKROOT = iphoneos;
				SWIFT_ACTIVE_COMPILATION_CONDITIONS = DEBUG;
				SWIFT_OPTIMIZATION_LEVEL = "-Onone";
			};
			name = Debug;
		};
		7081B0F820915BE0001AA2CF /* Release */ = {
			isa = XCBuildConfiguration;
			buildSettings = {
				ALWAYS_SEARCH_USER_PATHS = NO;
				CLANG_ANALYZER_NONNULL = YES;
				CLANG_ANALYZER_NUMBER_OBJECT_CONVERSION = YES_AGGRESSIVE;
				CLANG_CXX_LANGUAGE_STANDARD = "gnu++14";
				CLANG_CXX_LIBRARY = "libc++";
				CLANG_ENABLE_MODULES = YES;
				CLANG_ENABLE_OBJC_ARC = YES;
				CLANG_ENABLE_OBJC_WEAK = YES;
				CLANG_WARN_BLOCK_CAPTURE_AUTORELEASING = YES;
				CLANG_WARN_BOOL_CONVERSION = YES;
				CLANG_WARN_COMMA = YES;
				CLANG_WARN_CONSTANT_CONVERSION = YES;
				CLANG_WARN_DEPRECATED_OBJC_IMPLEMENTATIONS = YES;
				CLANG_WARN_DIRECT_OBJC_ISA_USAGE = YES_ERROR;
				CLANG_WARN_DOCUMENTATION_COMMENTS = YES;
				CLANG_WARN_EMPTY_BODY = YES;
				CLANG_WARN_ENUM_CONVERSION = YES;
				CLANG_WARN_INFINITE_RECURSION = YES;
				CLANG_WARN_INT_CONVERSION = YES;
				CLANG_WARN_NON_LITERAL_NULL_CONVERSION = YES;
				CLANG_WARN_OBJC_IMPLICIT_RETAIN_SELF = YES;
				CLANG_WARN_OBJC_LITERAL_CONVERSION = YES;
				CLANG_WARN_OBJC_ROOT_CLASS = YES_ERROR;
				CLANG_WARN_RANGE_LOOP_ANALYSIS = YES;
				CLANG_WARN_STRICT_PROTOTYPES = YES;
				CLANG_WARN_SUSPICIOUS_MOVE = YES;
				CLANG_WARN_UNGUARDED_AVAILABILITY = YES_AGGRESSIVE;
				CLANG_WARN_UNREACHABLE_CODE = YES;
				CLANG_WARN__DUPLICATE_METHOD_MATCH = YES;
				CODE_SIGN_IDENTITY = "iPhone Developer";
				COPY_PHASE_STRIP = NO;
				DEBUG_INFORMATION_FORMAT = "dwarf-with-dsym";
				ENABLE_NS_ASSERTIONS = NO;
				ENABLE_STRICT_OBJC_MSGSEND = YES;
				GCC_C_LANGUAGE_STANDARD = gnu11;
				GCC_NO_COMMON_BLOCKS = YES;
				GCC_WARN_64_TO_32_BIT_CONVERSION = YES;
				GCC_WARN_ABOUT_RETURN_TYPE = YES_ERROR;
				GCC_WARN_UNDECLARED_SELECTOR = YES;
				GCC_WARN_UNINITIALIZED_AUTOS = YES_AGGRESSIVE;
				GCC_WARN_UNUSED_FUNCTION = YES;
				GCC_WARN_UNUSED_VARIABLE = YES;
				IPHONEOS_DEPLOYMENT_TARGET = 11.3;
				MTL_ENABLE_DEBUG_INFO = NO;
				SDKROOT = iphoneos;
				SWIFT_COMPILATION_MODE = wholemodule;
				SWIFT_OPTIMIZATION_LEVEL = "-O";
				VALIDATE_PRODUCT = YES;
			};
			name = Release;
		};
		7081B0FA20915BE0001AA2CF /* Debug */ = {
			isa = XCBuildConfiguration;
			buildSettings = {
				ASSETCATALOG_COMPILER_APPICON_NAME = AppIcon;
				CLANG_ENABLE_MODULES = YES;
				CODE_SIGN_STYLE = Automatic;
				DEVELOPMENT_TEAM = FKX4NKH59R;
				FRAMEWORK_SEARCH_PATHS = (
					"$(inherited)",
					"$(PROJECT_DIR)/iOSTools/ThirdPlatformTools/library",
				);
				INFOPLIST_FILE = Example/Info.plist;
				IPHONEOS_DEPLOYMENT_TARGET = 9.0;
				LD_RUNPATH_SEARCH_PATHS = (
					"$(inherited)",
					"@executable_path/Frameworks",
				);
				LIBRARY_SEARCH_PATHS = (
					"$(inherited)",
					"$(PROJECT_DIR)/iOSTools/ThirdPlatformTools/library/WechatSDK1.8.2",
				);
				PRODUCT_BUNDLE_IDENTIFIER = AndyCuiYTT.iOSTools;
				PRODUCT_NAME = "$(TARGET_NAME)";
				SWIFT_OBJC_BRIDGING_HEADER = "iOSTools/iOSTools-Bridging-Header.h";
				SWIFT_OPTIMIZATION_LEVEL = "-Onone";
				SWIFT_VERSION = 4.0;
				TARGETED_DEVICE_FAMILY = "1,2";
			};
			name = Debug;
		};
		7081B0FB20915BE0001AA2CF /* Release */ = {
			isa = XCBuildConfiguration;
			buildSettings = {
				ASSETCATALOG_COMPILER_APPICON_NAME = AppIcon;
				CLANG_ENABLE_MODULES = YES;
				CODE_SIGN_STYLE = Automatic;
				DEVELOPMENT_TEAM = FKX4NKH59R;
				FRAMEWORK_SEARCH_PATHS = (
					"$(inherited)",
					"$(PROJECT_DIR)/iOSTools/ThirdPlatformTools/library",
				);
				INFOPLIST_FILE = Example/Info.plist;
				IPHONEOS_DEPLOYMENT_TARGET = 9.0;
				LD_RUNPATH_SEARCH_PATHS = (
					"$(inherited)",
					"@executable_path/Frameworks",
				);
				LIBRARY_SEARCH_PATHS = (
					"$(inherited)",
					"$(PROJECT_DIR)/iOSTools/ThirdPlatformTools/library/WechatSDK1.8.2",
				);
				PRODUCT_BUNDLE_IDENTIFIER = AndyCuiYTT.iOSTools;
				PRODUCT_NAME = "$(TARGET_NAME)";
				SWIFT_OBJC_BRIDGING_HEADER = "iOSTools/iOSTools-Bridging-Header.h";
				SWIFT_VERSION = 4.0;
				TARGETED_DEVICE_FAMILY = "1,2";
			};
			name = Release;
		};
/* End XCBuildConfiguration section */

/* Begin XCConfigurationList section */
		4B552A1023A7812800BD9F91 /* Build configuration list for PBXNativeTarget "iOSToolsTests" */ = {
			isa = XCConfigurationList;
			buildConfigurations = (
				4B552A0E23A7812800BD9F91 /* Debug */,
				4B552A0F23A7812800BD9F91 /* Release */,
			);
			defaultConfigurationIsVisible = 0;
			defaultConfigurationName = Release;
		};
		7081B0E220915BDF001AA2CF /* Build configuration list for PBXProject "iOSTools" */ = {
			isa = XCConfigurationList;
			buildConfigurations = (
				7081B0F720915BE0001AA2CF /* Debug */,
				7081B0F820915BE0001AA2CF /* Release */,
			);
			defaultConfigurationIsVisible = 0;
			defaultConfigurationName = Release;
		};
		7081B0F920915BE0001AA2CF /* Build configuration list for PBXNativeTarget "iOSTools" */ = {
			isa = XCConfigurationList;
			buildConfigurations = (
				7081B0FA20915BE0001AA2CF /* Debug */,
				7081B0FB20915BE0001AA2CF /* Release */,
			);
			defaultConfigurationIsVisible = 0;
			defaultConfigurationName = Release;
		};
/* End XCConfigurationList section */
	};
	rootObject = 7081B0DF20915BDF001AA2CF /* Project object */;
}
