// !$*UTF8*$!
{
	archiveVersion = 1;
	classes = {
	};
	objectVersion = 50;
	objects = {

/* Begin PBXBuildFile section */
		7081B0EB20915BDF001AA2CF /* AppDelegate.swift in Sources */ = {isa = PBXBuildFile; fileRef = 7081B0EA20915BDF001AA2CF /* AppDelegate.swift */; };
		7081B0ED20915BDF001AA2CF /* ViewController.swift in Sources */ = {isa = PBXBuildFile; fileRef = 7081B0EC20915BDF001AA2CF /* ViewController.swift */; };
		7081B0F020915BDF001AA2CF /* Main.storyboard in Resources */ = {isa = PBXBuildFile; fileRef = 7081B0EE20915BDF001AA2CF /* Main.storyboard */; };
		7081B0F220915BE0001AA2CF /* Assets.xcassets in Resources */ = {isa = PBXBuildFile; fileRef = 7081B0F120915BE0001AA2CF /* Assets.xcassets */; };
		7081B0F520915BE0001AA2CF /* LaunchScreen.storyboard in Resources */ = {isa = PBXBuildFile; fileRef = 7081B0F320915BE0001AA2CF /* LaunchScreen.storyboard */; };
		7081B0FE20915C48001AA2CF /* ImageTools.swift in Sources */ = {isa = PBXBuildFile; fileRef = 7081B0FD20915C48001AA2CF /* ImageTools.swift */; };
		7081B1002091753F001AA2CF /* StringTools.swift in Sources */ = {isa = PBXBuildFile; fileRef = 7081B0FF2091753F001AA2CF /* StringTools.swift */; };
		7081B102209178B2001AA2CF /* ShareTools.swift in Sources */ = {isa = PBXBuildFile; fileRef = 7081B101209178B2001AA2CF /* ShareTools.swift */; };
		7081B10A20917981001AA2CF /* README.txt in Resources */ = {isa = PBXBuildFile; fileRef = 7081B10720917981001AA2CF /* README.txt */; };
		7081B10B20917981001AA2CF /* libWeChatSDK.a in Frameworks */ = {isa = PBXBuildFile; fileRef = 7081B10920917981001AA2CF /* libWeChatSDK.a */; };
		7081B10E209179E1001AA2CF /* CoreTelephony.framework in Frameworks */ = {isa = PBXBuildFile; fileRef = 7081B10D209179E1001AA2CF /* CoreTelephony.framework */; };
		7081B11420919E00001AA2CF /* SystemConfiguration.framework in Frameworks */ = {isa = PBXBuildFile; fileRef = 7081B11320919E00001AA2CF /* SystemConfiguration.framework */; };
		7081B11620919E0D001AA2CF /* libz.1.1.3.tbd in Frameworks */ = {isa = PBXBuildFile; fileRef = 7081B11520919E0D001AA2CF /* libz.1.1.3.tbd */; };
		7081B11820919E1C001AA2CF /* libsqlite3.0.tbd in Frameworks */ = {isa = PBXBuildFile; fileRef = 7081B11720919E1C001AA2CF /* libsqlite3.0.tbd */; };
		7081B11A20919E25001AA2CF /* libc++.tbd in Frameworks */ = {isa = PBXBuildFile; fileRef = 7081B11920919E25001AA2CF /* libc++.tbd */; };
		7081B11C20919E30001AA2CF /* Security.framework in Frameworks */ = {isa = PBXBuildFile; fileRef = 7081B11B20919E30001AA2CF /* Security.framework */; };
		7081B11E20919E3B001AA2CF /* CFNetwork.framework in Frameworks */ = {isa = PBXBuildFile; fileRef = 7081B11D20919E3B001AA2CF /* CFNetwork.framework */; };
/* End PBXBuildFile section */

/* Begin PBXFileReference section */
		7081B0E720915BDF001AA2CF /* iOSTools.app */ = {isa = PBXFileReference; explicitFileType = wrapper.application; includeInIndex = 0; path = iOSTools.app; sourceTree = BUILT_PRODUCTS_DIR; };
		7081B0EA20915BDF001AA2CF /* AppDelegate.swift */ = {isa = PBXFileReference; lastKnownFileType = sourcecode.swift; path = AppDelegate.swift; sourceTree = "<group>"; };
		7081B0EC20915BDF001AA2CF /* ViewController.swift */ = {isa = PBXFileReference; lastKnownFileType = sourcecode.swift; path = ViewController.swift; sourceTree = "<group>"; };
		7081B0EF20915BDF001AA2CF /* Base */ = {isa = PBXFileReference; lastKnownFileType = file.storyboard; name = Base; path = Base.lproj/Main.storyboard; sourceTree = "<group>"; };
		7081B0F120915BE0001AA2CF /* Assets.xcassets */ = {isa = PBXFileReference; lastKnownFileType = folder.assetcatalog; path = Assets.xcassets; sourceTree = "<group>"; };
		7081B0F420915BE0001AA2CF /* Base */ = {isa = PBXFileReference; lastKnownFileType = file.storyboard; name = Base; path = Base.lproj/LaunchScreen.storyboard; sourceTree = "<group>"; };
		7081B0F620915BE0001AA2CF /* Info.plist */ = {isa = PBXFileReference; lastKnownFileType = text.plist.xml; path = Info.plist; sourceTree = "<group>"; };
		7081B0FD20915C48001AA2CF /* ImageTools.swift */ = {isa = PBXFileReference; fileEncoding = 4; lastKnownFileType = sourcecode.swift; path = ImageTools.swift; sourceTree = "<group>"; };
		7081B0FF2091753F001AA2CF /* StringTools.swift */ = {isa = PBXFileReference; lastKnownFileType = sourcecode.swift; path = StringTools.swift; sourceTree = "<group>"; };
		7081B101209178B2001AA2CF /* ShareTools.swift */ = {isa = PBXFileReference; lastKnownFileType = sourcecode.swift; path = ShareTools.swift; sourceTree = "<group>"; };
		7081B10520917981001AA2CF /* WXApi.h */ = {isa = PBXFileReference; fileEncoding = 4; lastKnownFileType = sourcecode.c.h; path = WXApi.h; sourceTree = "<group>"; };
		7081B10620917981001AA2CF /* WXApiObject.h */ = {isa = PBXFileReference; fileEncoding = 4; lastKnownFileType = sourcecode.c.h; path = WXApiObject.h; sourceTree = "<group>"; };
		7081B10720917981001AA2CF /* README.txt */ = {isa = PBXFileReference; fileEncoding = 4; lastKnownFileType = text; path = README.txt; sourceTree = "<group>"; };
		7081B10820917981001AA2CF /* WechatAuthSDK.h */ = {isa = PBXFileReference; fileEncoding = 4; lastKnownFileType = sourcecode.c.h; path = WechatAuthSDK.h; sourceTree = "<group>"; };
		7081B10920917981001AA2CF /* libWeChatSDK.a */ = {isa = PBXFileReference; lastKnownFileType = archive.ar; path = libWeChatSDK.a; sourceTree = "<group>"; };
		7081B10D209179E1001AA2CF /* CoreTelephony.framework */ = {isa = PBXFileReference; lastKnownFileType = wrapper.framework; name = CoreTelephony.framework; path = System/Library/Frameworks/CoreTelephony.framework; sourceTree = SDKROOT; };
		7081B10F20917AA7001AA2CF /* iOSTools-Bridging-Header.h */ = {isa = PBXFileReference; lastKnownFileType = sourcecode.c.h; path = "iOSTools-Bridging-Header.h"; sourceTree = "<group>"; };
		7081B11320919E00001AA2CF /* SystemConfiguration.framework */ = {isa = PBXFileReference; lastKnownFileType = wrapper.framework; name = SystemConfiguration.framework; path = System/Library/Frameworks/SystemConfiguration.framework; sourceTree = SDKROOT; };
		7081B11520919E0D001AA2CF /* libz.1.1.3.tbd */ = {isa = PBXFileReference; lastKnownFileType = "sourcecode.text-based-dylib-definition"; name = libz.1.1.3.tbd; path = usr/lib/libz.1.1.3.tbd; sourceTree = SDKROOT; };
		7081B11720919E1C001AA2CF /* libsqlite3.0.tbd */ = {isa = PBXFileReference; lastKnownFileType = "sourcecode.text-based-dylib-definition"; name = libsqlite3.0.tbd; path = usr/lib/libsqlite3.0.tbd; sourceTree = SDKROOT; };
		7081B11920919E25001AA2CF /* libc++.tbd */ = {isa = PBXFileReference; lastKnownFileType = "sourcecode.text-based-dylib-definition"; name = "libc++.tbd"; path = "usr/lib/libc++.tbd"; sourceTree = SDKROOT; };
		7081B11B20919E30001AA2CF /* Security.framework */ = {isa = PBXFileReference; lastKnownFileType = wrapper.framework; name = Security.framework; path = System/Library/Frameworks/Security.framework; sourceTree = SDKROOT; };
		7081B11D20919E3B001AA2CF /* CFNetwork.framework */ = {isa = PBXFileReference; lastKnownFileType = wrapper.framework; name = CFNetwork.framework; path = System/Library/Frameworks/CFNetwork.framework; sourceTree = SDKROOT; };
/* End PBXFileReference section */

/* Begin PBXFrameworksBuildPhase section */
		7081B0E420915BDF001AA2CF /* Frameworks */ = {
			isa = PBXFrameworksBuildPhase;
			buildActionMask = 2147483647;
			files = (
				7081B11E20919E3B001AA2CF /* CFNetwork.framework in Frameworks */,
				7081B11C20919E30001AA2CF /* Security.framework in Frameworks */,
				7081B11A20919E25001AA2CF /* libc++.tbd in Frameworks */,
				7081B11820919E1C001AA2CF /* libsqlite3.0.tbd in Frameworks */,
				7081B11620919E0D001AA2CF /* libz.1.1.3.tbd in Frameworks */,
				7081B11420919E00001AA2CF /* SystemConfiguration.framework in Frameworks */,
				7081B10E209179E1001AA2CF /* CoreTelephony.framework in Frameworks */,
				7081B10B20917981001AA2CF /* libWeChatSDK.a in Frameworks */,
			);
			runOnlyForDeploymentPostprocessing = 0;
		};
/* End PBXFrameworksBuildPhase section */

/* Begin PBXGroup section */
		7081B0DE20915BDF001AA2CF = {
			isa = PBXGroup;
			children = (
				7081B0FC20915C09001AA2CF /* Example */,
				7081B0E920915BDF001AA2CF /* iOSTools */,
				7081B0E820915BDF001AA2CF /* Products */,
				7081B10C209179E1001AA2CF /* Frameworks */,
			);
			sourceTree = "<group>";
		};
		7081B0E820915BDF001AA2CF /* Products */ = {
			isa = PBXGroup;
			children = (
				7081B0E720915BDF001AA2CF /* iOSTools.app */,
			);
			name = Products;
			sourceTree = "<group>";
		};
		7081B0E920915BDF001AA2CF /* iOSTools */ = {
			isa = PBXGroup;
			children = (
				7081B103209178E6001AA2CF /* library */,
				7081B0FD20915C48001AA2CF /* ImageTools.swift */,
				7081B0FF2091753F001AA2CF /* StringTools.swift */,
				7081B101209178B2001AA2CF /* ShareTools.swift */,
				7081B10F20917AA7001AA2CF /* iOSTools-Bridging-Header.h */,
			);
			path = iOSTools;
			sourceTree = "<group>";
		};
		7081B0FC20915C09001AA2CF /* Example */ = {
			isa = PBXGroup;
			children = (
				7081B0EA20915BDF001AA2CF /* AppDelegate.swift */,
				7081B0EC20915BDF001AA2CF /* ViewController.swift */,
				7081B0EE20915BDF001AA2CF /* Main.storyboard */,
				7081B0F120915BE0001AA2CF /* Assets.xcassets */,
				7081B0F320915BE0001AA2CF /* LaunchScreen.storyboard */,
				7081B0F620915BE0001AA2CF /* Info.plist */,
			);
			path = Example;
			sourceTree = "<group>";
		};
		7081B103209178E6001AA2CF /* library */ = {
			isa = PBXGroup;
			children = (
				7081B10420917981001AA2CF /* WechatSDK1.8.2 */,
			);
			path = library;
			sourceTree = "<group>";
		};
		7081B10420917981001AA2CF /* WechatSDK1.8.2 */ = {
			isa = PBXGroup;
			children = (
				7081B10520917981001AA2CF /* WXApi.h */,
				7081B10620917981001AA2CF /* WXApiObject.h */,
				7081B10720917981001AA2CF /* README.txt */,
				7081B10820917981001AA2CF /* WechatAuthSDK.h */,
				7081B10920917981001AA2CF /* libWeChatSDK.a */,
			);
			path = WechatSDK1.8.2;
			sourceTree = "<group>";
		};
		7081B10C209179E1001AA2CF /* Frameworks */ = {
			isa = PBXGroup;
			children = (
				7081B11D20919E3B001AA2CF /* CFNetwork.framework */,
				7081B11B20919E30001AA2CF /* Security.framework */,
				7081B11920919E25001AA2CF /* libc++.tbd */,
				7081B11720919E1C001AA2CF /* libsqlite3.0.tbd */,
				7081B11520919E0D001AA2CF /* libz.1.1.3.tbd */,
				7081B11320919E00001AA2CF /* SystemConfiguration.framework */,
				7081B10D209179E1001AA2CF /* CoreTelephony.framework */,
			);
			name = Frameworks;
			sourceTree = "<group>";
		};
/* End PBXGroup section */

/* Begin PBXNativeTarget section */
		7081B0E620915BDF001AA2CF /* iOSTools */ = {
			isa = PBXNativeTarget;
			buildConfigurationList = 7081B0F920915BE0001AA2CF /* Build configuration list for PBXNativeTarget "iOSTools" */;
			buildPhases = (
				7081B0E320915BDF001AA2CF /* Sources */,
				7081B0E420915BDF001AA2CF /* Frameworks */,
				7081B0E520915BDF001AA2CF /* Resources */,
			);
			buildRules = (
			);
			dependencies = (
			);
			name = iOSTools;
			productName = iOSTools;
			productReference = 7081B0E720915BDF001AA2CF /* iOSTools.app */;
			productType = "com.apple.product-type.application";
		};
/* End PBXNativeTarget section */

/* Begin PBXProject section */
		7081B0DF20915BDF001AA2CF /* Project object */ = {
			isa = PBXProject;
			attributes = {
				LastSwiftUpdateCheck = 0930;
				LastUpgradeCheck = 0930;
				ORGANIZATIONNAME = AndyCuiYTT;
				TargetAttributes = {
					7081B0E620915BDF001AA2CF = {
						CreatedOnToolsVersion = 9.3;
						LastSwiftMigration = 0930;
					};
				};
			};
			buildConfigurationList = 7081B0E220915BDF001AA2CF /* Build configuration list for PBXProject "iOSTools" */;
			compatibilityVersion = "Xcode 9.3";
			developmentRegion = en;
			hasScannedForEncodings = 0;
			knownRegions = (
				en,
				Base,
			);
			mainGroup = 7081B0DE20915BDF001AA2CF;
			productRefGroup = 7081B0E820915BDF001AA2CF /* Products */;
			projectDirPath = "";
			projectRoot = "";
			targets = (
				7081B0E620915BDF001AA2CF /* iOSTools */,
			);
		};
/* End PBXProject section */

/* Begin PBXResourcesBuildPhase section */
		7081B0E520915BDF001AA2CF /* Resources */ = {
			isa = PBXResourcesBuildPhase;
			buildActionMask = 2147483647;
			files = (
				7081B0F520915BE0001AA2CF /* LaunchScreen.storyboard in Resources */,
				7081B0F220915BE0001AA2CF /* Assets.xcassets in Resources */,
				7081B10A20917981001AA2CF /* README.txt in Resources */,
				7081B0F020915BDF001AA2CF /* Main.storyboard in Resources */,
			);
			runOnlyForDeploymentPostprocessing = 0;
		};
/* End PBXResourcesBuildPhase section */

/* Begin PBXSourcesBuildPhase section */
		7081B0E320915BDF001AA2CF /* Sources */ = {
			isa = PBXSourcesBuildPhase;
			buildActionMask = 2147483647;
			files = (
				7081B1002091753F001AA2CF /* StringTools.swift in Sources */,
				7081B0ED20915BDF001AA2CF /* ViewController.swift in Sources */,
				7081B0FE20915C48001AA2CF /* ImageTools.swift in Sources */,
				7081B102209178B2001AA2CF /* ShareTools.swift in Sources */,
				7081B0EB20915BDF001AA2CF /* AppDelegate.swift in Sources */,
			);
			runOnlyForDeploymentPostprocessing = 0;
		};
/* End PBXSourcesBuildPhase section */

/* Begin PBXVariantGroup section */
		7081B0EE20915BDF001AA2CF /* Main.storyboard */ = {
			isa = PBXVariantGroup;
			children = (
				7081B0EF20915BDF001AA2CF /* Base */,
			);
			name = Main.storyboard;
			sourceTree = "<group>";
		};
		7081B0F320915BE0001AA2CF /* LaunchScreen.storyboard */ = {
			isa = PBXVariantGroup;
			children = (
				7081B0F420915BE0001AA2CF /* Base */,
			);
			name = LaunchScreen.storyboard;
			sourceTree = "<group>";
		};
/* End PBXVariantGroup section */

/* Begin XCBuildConfiguration section */
		7081B0F720915BE0001AA2CF /* Debug */ = {
			isa = XCBuildConfiguration;
			buildSettings = {
				ALWAYS_SEARCH_USER_PATHS = NO;
				CLANG_ANALYZER_NONNULL = YES;
				CLANG_ANALYZER_NUMBER_OBJECT_CONVERSION = YES_AGGRESSIVE;
				CLANG_CXX_LANGUAGE_STANDARD = "gnu++14";
				CLANG_CXX_LIBRARY = "libc++";
				CLANG_ENABLE_MODULES = YES;
				CLANG_ENABLE_OBJC_ARC = YES;
				CLANG_ENABLE_OBJC_WEAK = YES;
				CLANG_WARN_BLOCK_CAPTURE_AUTORELEASING = YES;
				CLANG_WARN_BOOL_CONVERSION = YES;
				CLANG_WARN_COMMA = YES;
				CLANG_WARN_CONSTANT_CONVERSION = YES;
				CLANG_WARN_DEPRECATED_OBJC_IMPLEMENTATIONS = YES;
				CLANG_WARN_DIRECT_OBJC_ISA_USAGE = YES_ERROR;
				CLANG_WARN_DOCUMENTATION_COMMENTS = YES;
				CLANG_WARN_EMPTY_BODY = YES;
				CLANG_WARN_ENUM_CONVERSION = YES;
				CLANG_WARN_INFINITE_RECURSION = YES;
				CLANG_WARN_INT_CONVERSION = YES;
				CLANG_WARN_NON_LITERAL_NULL_CONVERSION = YES;
				CLANG_WARN_OBJC_IMPLICIT_RETAIN_SELF = YES;
				CLANG_WARN_OBJC_LITERAL_CONVERSION = YES;
				CLANG_WARN_OBJC_ROOT_CLASS = YES_ERROR;
				CLANG_WARN_RANGE_LOOP_ANALYSIS = YES;
				CLANG_WARN_STRICT_PROTOTYPES = YES;
				CLANG_WARN_SUSPICIOUS_MOVE = YES;
				CLANG_WARN_UNGUARDED_AVAILABILITY = YES_AGGRESSIVE;
				CLANG_WARN_UNREACHABLE_CODE = YES;
				CLANG_WARN__DUPLICATE_METHOD_MATCH = YES;
				CODE_SIGN_IDENTITY = "iPhone Developer";
				COPY_PHASE_STRIP = NO;
				DEBUG_INFORMATION_FORMAT = dwarf;
				ENABLE_STRICT_OBJC_MSGSEND = YES;
				ENABLE_TESTABILITY = YES;
				GCC_C_LANGUAGE_STANDARD = gnu11;
				GCC_DYNAMIC_NO_PIC = NO;
				GCC_NO_COMMON_BLOCKS = YES;
				GCC_OPTIMIZATION_LEVEL = 0;
				GCC_PREPROCESSOR_DEFINITIONS = (
					"DEBUG=1",
					"$(inherited)",
				);
				GCC_WARN_64_TO_32_BIT_CONVERSION = YES;
				GCC_WARN_ABOUT_RETURN_TYPE = YES_ERROR;
				GCC_WARN_UNDECLARED_SELECTOR = YES;
				GCC_WARN_UNINITIALIZED_AUTOS = YES_AGGRESSIVE;
				GCC_WARN_UNUSED_FUNCTION = YES;
				GCC_WARN_UNUSED_VARIABLE = YES;
				IPHONEOS_DEPLOYMENT_TARGET = 11.3;
				MTL_ENABLE_DEBUG_INFO = YES;
				ONLY_ACTIVE_ARCH = YES;
				SDKROOT = iphoneos;
				SWIFT_ACTIVE_COMPILATION_CONDITIONS = DEBUG;
				SWIFT_OPTIMIZATION_LEVEL = "-Onone";
			};
			name = Debug;
		};
		7081B0F820915BE0001AA2CF /* Release */ = {
			isa = XCBuildConfiguration;
			buildSettings = {
				ALWAYS_SEARCH_USER_PATHS = NO;
				CLANG_ANALYZER_NONNULL = YES;
				CLANG_ANALYZER_NUMBER_OBJECT_CONVERSION = YES_AGGRESSIVE;
				CLANG_CXX_LANGUAGE_STANDARD = "gnu++14";
				CLANG_CXX_LIBRARY = "libc++";
				CLANG_ENABLE_MODULES = YES;
				CLANG_ENABLE_OBJC_ARC = YES;
				CLANG_ENABLE_OBJC_WEAK = YES;
				CLANG_WARN_BLOCK_CAPTURE_AUTORELEASING = YES;
				CLANG_WARN_BOOL_CONVERSION = YES;
				CLANG_WARN_COMMA = YES;
				CLANG_WARN_CONSTANT_CONVERSION = YES;
				CLANG_WARN_DEPRECATED_OBJC_IMPLEMENTATIONS = YES;
				CLANG_WARN_DIRECT_OBJC_ISA_USAGE = YES_ERROR;
				CLANG_WARN_DOCUMENTATION_COMMENTS = YES;
				CLANG_WARN_EMPTY_BODY = YES;
				CLANG_WARN_ENUM_CONVERSION = YES;
				CLANG_WARN_INFINITE_RECURSION = YES;
				CLANG_WARN_INT_CONVERSION = YES;
				CLANG_WARN_NON_LITERAL_NULL_CONVERSION = YES;
				CLANG_WARN_OBJC_IMPLICIT_RETAIN_SELF = YES;
				CLANG_WARN_OBJC_LITERAL_CONVERSION = YES;
				CLANG_WARN_OBJC_ROOT_CLASS = YES_ERROR;
				CLANG_WARN_RANGE_LOOP_ANALYSIS = YES;
				CLANG_WARN_STRICT_PROTOTYPES = YES;
				CLANG_WARN_SUSPICIOUS_MOVE = YES;
				CLANG_WARN_UNGUARDED_AVAILABILITY = YES_AGGRESSIVE;
				CLANG_WARN_UNREACHABLE_CODE = YES;
				CLANG_WARN__DUPLICATE_METHOD_MATCH = YES;
				CODE_SIGN_IDENTITY = "iPhone Developer";
				COPY_PHASE_STRIP = NO;
				DEBUG_INFORMATION_FORMAT = "dwarf-with-dsym";
				ENABLE_NS_ASSERTIONS = NO;
				ENABLE_STRICT_OBJC_MSGSEND = YES;
				GCC_C_LANGUAGE_STANDARD = gnu11;
				GCC_NO_COMMON_BLOCKS = YES;
				GCC_WARN_64_TO_32_BIT_CONVERSION = YES;
				GCC_WARN_ABOUT_RETURN_TYPE = YES_ERROR;
				GCC_WARN_UNDECLARED_SELECTOR = YES;
				GCC_WARN_UNINITIALIZED_AUTOS = YES_AGGRESSIVE;
				GCC_WARN_UNUSED_FUNCTION = YES;
				GCC_WARN_UNUSED_VARIABLE = YES;
				IPHONEOS_DEPLOYMENT_TARGET = 11.3;
				MTL_ENABLE_DEBUG_INFO = NO;
				SDKROOT = iphoneos;
				SWIFT_COMPILATION_MODE = wholemodule;
				SWIFT_OPTIMIZATION_LEVEL = "-O";
				VALIDATE_PRODUCT = YES;
			};
			name = Release;
		};
		7081B0FA20915BE0001AA2CF /* Debug */ = {
			isa = XCBuildConfiguration;
			buildSettings = {
				ASSETCATALOG_COMPILER_APPICON_NAME = AppIcon;
				CLANG_ENABLE_MODULES = YES;
				CODE_SIGN_STYLE = Automatic;
				INFOPLIST_FILE = Example/Info.plist;
				LD_RUNPATH_SEARCH_PATHS = (
					"$(inherited)",
					"@executable_path/Frameworks",
				);
				LIBRARY_SEARCH_PATHS = (
					"$(inherited)",
					"$(PROJECT_DIR)/iOSTools/library/WechatSDK1.8.2",
				);
				PRODUCT_BUNDLE_IDENTIFIER = AndyCuiYTT.iOSTools;
				PRODUCT_NAME = "$(TARGET_NAME)";
				SWIFT_OBJC_BRIDGING_HEADER = "iOSTools/iOSTools-Bridging-Header.h";
				SWIFT_OPTIMIZATION_LEVEL = "-Onone";
				SWIFT_VERSION = 4.0;
				TARGETED_DEVICE_FAMILY = "1,2";
			};
			name = Debug;
		};
		7081B0FB20915BE0001AA2CF /* Release */ = {
			isa = XCBuildConfiguration;
			buildSettings = {
				ASSETCATALOG_COMPILER_APPICON_NAME = AppIcon;
				CLANG_ENABLE_MODULES = YES;
				CODE_SIGN_STYLE = Automatic;
				INFOPLIST_FILE = Example/Info.plist;
				LD_RUNPATH_SEARCH_PATHS = (
					"$(inherited)",
					"@executable_path/Frameworks",
				);
				LIBRARY_SEARCH_PATHS = (
					"$(inherited)",
					"$(PROJECT_DIR)/iOSTools/library/WechatSDK1.8.2",
				);
				PRODUCT_BUNDLE_IDENTIFIER = AndyCuiYTT.iOSTools;
				PRODUCT_NAME = "$(TARGET_NAME)";
				SWIFT_OBJC_BRIDGING_HEADER = "iOSTools/iOSTools-Bridging-Header.h";
				SWIFT_VERSION = 4.0;
				TARGETED_DEVICE_FAMILY = "1,2";
			};
			name = Release;
		};
/* End XCBuildConfiguration section */

/* Begin XCConfigurationList section */
		7081B0E220915BDF001AA2CF /* Build configuration list for PBXProject "iOSTools" */ = {
			isa = XCConfigurationList;
			buildConfigurations = (
				7081B0F720915BE0001AA2CF /* Debug */,
				7081B0F820915BE0001AA2CF /* Release */,
			);
			defaultConfigurationIsVisible = 0;
			defaultConfigurationName = Release;
		};
		7081B0F920915BE0001AA2CF /* Build configuration list for PBXNativeTarget "iOSTools" */ = {
			isa = XCConfigurationList;
			buildConfigurations = (
				7081B0FA20915BE0001AA2CF /* Debug */,
				7081B0FB20915BE0001AA2CF /* Release */,
			);
			defaultConfigurationIsVisible = 0;
			defaultConfigurationName = Release;
		};
/* End XCConfigurationList section */
	};
	rootObject = 7081B0DF20915BDF001AA2CF /* Project object */;
}
